
Microsoft Visual Studio Solution File, Format Version 12.00
# Visual Studio Version 17
VisualStudioVersion = 17.5.002.0
MinimumVisualStudioVersion = 10.0.40219.1
Project("{9A19103F-16F7-4668-BE54-9A1E7A4F7556}") = "Book.API", "Book.API\Book.API.csproj", "{379D26A2-5E46-470F-A209-05A831E6601E}"
EndProject
Global
	GlobalSection(SolutionConfigurationPlatforms) = preSolution
		Debug|Any CPU = Debug|Any CPU
		Release|Any CPU = Release|Any CPU
	EndGlobalSection
	GlobalSection(ProjectConfigurationPlatforms) = postSolution
		{379D26A2-5E46-470F-A209-05A831E6601E}.Debug|Any CPU.ActiveCfg = Debug|Any CPU
		{379D26A2-5E46-470F-A209-05A831E6601E}.Debug|Any CPU.Build.0 = Debug|Any CPU
		{379D26A2-5E46-470F-A209-05A831E6601E}.Release|Any CPU.ActiveCfg = Release|Any CPU
		{379D26A2-5E46-470F-A209-05A831E6601E}.Release|Any CPU.Build.0 = Release|Any CPU
	EndGlobalSection
	GlobalSection(SolutionProperties) = preSolution
		HideSolutionNode = FALSE
	EndGlobalSection
	GlobalSection(ExtensibilityGlobals) = postSolution
		SolutionGuid = {706619B3-D7B4-4C29-B466-4A543E17B237}
	EndGlobalSection
EndGlobal
